
Microsoft Visual Studio Solution File, Format Version 12.00
# Visual Studio Version 17
VisualStudioVersion = 17.13.35828.75
MinimumVisualStudioVersion = 10.0.40219.1
Project("{9A19103F-16F7-4668-BE54-9A1E7A4F7556}") = "Labb2-REST API", "Labb2-Fullstack\Labb2-REST API.csproj", "{B064CB69-5AAB-4281-B26D-3F8CBD61A83B}"
EndProject
Project("{9A19103F-16F7-4668-BE54-9A1E7A4F7556}") = "BlazorApp", "BlazorApp\BlazorApp.csproj", "{94716B27-63EC-4FDB-AA5B-71A4B15A3056}"
EndProject
Project("{9A19103F-16F7-4668-BE54-9A1E7A4F7556}") = "Shared", "Shared\Shared.csproj", "{E182755D-1006-45B1-A0EE-1ED143171835}"
EndProject
Global
	GlobalSection(SolutionConfigurationPlatforms) = preSolution
		Debug|Any CPU = Debug|Any CPU
		Release|Any CPU = Release|Any CPU
	EndGlobalSection
	GlobalSection(ProjectConfigurationPlatforms) = postSolution
		{B064CB69-5AAB-4281-B26D-3F8CBD61A83B}.Debug|Any CPU.ActiveCfg = Debug|Any CPU
		{B064CB69-5AAB-4281-B26D-3F8CBD61A83B}.Debug|Any CPU.Build.0 = Debug|Any CPU
		{B064CB69-5AAB-4281-B26D-3F8CBD61A83B}.Release|Any CPU.ActiveCfg = Release|Any CPU
		{B064CB69-5AAB-4281-B26D-3F8CBD61A83B}.Release|Any CPU.Build.0 = Release|Any CPU
		{94716B27-63EC-4FDB-AA5B-71A4B15A3056}.Debug|Any CPU.ActiveCfg = Debug|Any CPU
		{94716B27-63EC-4FDB-AA5B-71A4B15A3056}.Debug|Any CPU.Build.0 = Debug|Any CPU
		{94716B27-63EC-4FDB-AA5B-71A4B15A3056}.Release|Any CPU.ActiveCfg = Release|Any CPU
		{94716B27-63EC-4FDB-AA5B-71A4B15A3056}.Release|Any CPU.Build.0 = Release|Any CPU
		{E182755D-1006-45B1-A0EE-1ED143171835}.Debug|Any CPU.ActiveCfg = Debug|Any CPU
		{E182755D-1006-45B1-A0EE-1ED143171835}.Debug|Any CPU.Build.0 = Debug|Any CPU
		{E182755D-1006-45B1-A0EE-1ED143171835}.Release|Any CPU.ActiveCfg = Release|Any CPU
		{E182755D-1006-45B1-A0EE-1ED143171835}.Release|Any CPU.Build.0 = Release|Any CPU
	EndGlobalSection
	GlobalSection(SolutionProperties) = preSolution
		HideSolutionNode = FALSE
	EndGlobalSection
	GlobalSection(ExtensibilityGlobals) = postSolution
		SolutionGuid = {2551D351-79B4-477D-84D5-69C09339751B}
	EndGlobalSection
EndGlobal
