
Microsoft Visual Studio Solution File, Format Version 12.00
# Visual Studio Version 17
VisualStudioVersion = 17.13.35828.75
MinimumVisualStudioVersion = 10.0.40219.1
Project("{FAE04EC0-301F-11D3-BF4B-00C04F79EFBC}") = "Labb2-REST API", "Labb2-Fullstack\Labb2-REST API.csproj", "{B064CB69-5AAB-4281-B26D-3F8CBD61A83B}"
EndProject
Global
	GlobalSection(SolutionConfigurationPlatforms) = preSolution
		Debug|Any CPU = Debug|Any CPU
		Release|Any CPU = Release|Any CPU
	EndGlobalSection
	GlobalSection(ProjectConfigurationPlatforms) = postSolution
		{B064CB69-5AAB-4281-B26D-3F8CBD61A83B}.Debug|Any CPU.ActiveCfg = Debug|Any CPU
		{B064CB69-5AAB-4281-B26D-3F8CBD61A83B}.Debug|Any CPU.Build.0 = Debug|Any CPU
		{B064CB69-5AAB-4281-B26D-3F8CBD61A83B}.Release|Any CPU.ActiveCfg = Release|Any CPU
		{B064CB69-5AAB-4281-B26D-3F8CBD61A83B}.Release|Any CPU.Build.0 = Release|Any CPU
	EndGlobalSection
	GlobalSection(SolutionProperties) = preSolution
		HideSolutionNode = FALSE
	EndGlobalSection
	GlobalSection(ExtensibilityGlobals) = postSolution
		SolutionGuid = {2551D351-79B4-477D-84D5-69C09339751B}
	EndGlobalSection
EndGlobal
